// !$*UTF8*$!
{
	archiveVersion = 1;
	classes = {
	};
	objectVersion = 46;
	objects = {

/* Begin PBXBuildFile section */
		0DD986E01BE34DC0002C09B0 /* PassViewerNaviController.m in Sources */ = {isa = PBXBuildFile; fileRef = 0DD986DF1BE34DC0002C09B0 /* PassViewerNaviController.m */; };
		0DD986E31BE35410002C09B0 /* PasswordTableViewController.m in Sources */ = {isa = PBXBuildFile; fileRef = 0DD986E21BE35410002C09B0 /* PasswordTableViewController.m */; };
		0DD986E71BE35424002C09B0 /* PasswordTableViewCell.m in Sources */ = {isa = PBXBuildFile; fileRef = 0DD986E51BE35424002C09B0 /* PasswordTableViewCell.m */; };
		0DD986E81BE35424002C09B0 /* PasswordTableViewCell.xib in Resources */ = {isa = PBXBuildFile; fileRef = 0DD986E61BE35424002C09B0 /* PasswordTableViewCell.xib */; };
		0DD986EC1BE362A0002C09B0 /* AddSessionViewController.m in Sources */ = {isa = PBXBuildFile; fileRef = 0DD986EA1BE362A0002C09B0 /* AddSessionViewController.m */; };
		0DD986ED1BE362A0002C09B0 /* AddSessionViewController.xib in Resources */ = {isa = PBXBuildFile; fileRef = 0DD986EB1BE362A0002C09B0 /* AddSessionViewController.xib */; };
		0DF364811BE2581700E35F4A /* main.m in Sources */ = {isa = PBXBuildFile; fileRef = 0DF364801BE2581700E35F4A /* main.m */; };
		0DF364841BE2581700E35F4A /* AppDelegate.m in Sources */ = {isa = PBXBuildFile; fileRef = 0DF364831BE2581700E35F4A /* AppDelegate.m */; };
		0DF3648D1BE2581700E35F4A /* Main.storyboard in Resources */ = {isa = PBXBuildFile; fileRef = 0DF3648B1BE2581700E35F4A /* Main.storyboard */; };
		0DF3648F1BE2581700E35F4A /* Assets.xcassets in Resources */ = {isa = PBXBuildFile; fileRef = 0DF3648E1BE2581700E35F4A /* Assets.xcassets */; };
		0DF364921BE2581700E35F4A /* LaunchScreen.storyboard in Resources */ = {isa = PBXBuildFile; fileRef = 0DF364901BE2581700E35F4A /* LaunchScreen.storyboard */; };
		0DF3649D1BE2581800E35F4A /* PassbusterTests.m in Sources */ = {isa = PBXBuildFile; fileRef = 0DF3649C1BE2581800E35F4A /* PassbusterTests.m */; };
		0DF364A81BE2581800E35F4A /* PassbusterUITests.m in Sources */ = {isa = PBXBuildFile; fileRef = 0DF364A71BE2581800E35F4A /* PassbusterUITests.m */; };
		0DF364B71BE25DCC00E35F4A /* FMDBAPI.m in Sources */ = {isa = PBXBuildFile; fileRef = 0DF364B61BE25DCC00E35F4A /* FMDBAPI.m */; };
		0DF364BA1BE3063800E35F4A /* IntroAnimator.m in Sources */ = {isa = PBXBuildFile; fileRef = 0DF364B91BE3063800E35F4A /* IntroAnimator.m */; };
		0DF364C01BE3119600E35F4A /* Tabbar.m in Sources */ = {isa = PBXBuildFile; fileRef = 0DF364BF1BE3119600E35F4A /* Tabbar.m */; };
		ABB6D367510C0DBCE480CC3D /* libPods-Passbuster.a in Frameworks */ = {isa = PBXBuildFile; fileRef = 33C806E05636B4FD87242F5C /* libPods-Passbuster.a */; };
/* End PBXBuildFile section */

/* Begin PBXContainerItemProxy section */
		0DF364991BE2581800E35F4A /* PBXContainerItemProxy */ = {
			isa = PBXContainerItemProxy;
			containerPortal = 0DF364741BE2581700E35F4A /* Project object */;
			proxyType = 1;
			remoteGlobalIDString = 0DF3647B1BE2581700E35F4A;
			remoteInfo = Passbuster;
		};
		0DF364A41BE2581800E35F4A /* PBXContainerItemProxy */ = {
			isa = PBXContainerItemProxy;
			containerPortal = 0DF364741BE2581700E35F4A /* Project object */;
			proxyType = 1;
			remoteGlobalIDString = 0DF3647B1BE2581700E35F4A;
			remoteInfo = Passbuster;
		};
/* End PBXContainerItemProxy section */

/* Begin PBXFileReference section */
		0DD986DE1BE34DC0002C09B0 /* PassViewerNaviController.h */ = {isa = PBXFileReference; fileEncoding = 4; lastKnownFileType = sourcecode.c.h; path = PassViewerNaviController.h; sourceTree = "<group>"; };
		0DD986DF1BE34DC0002C09B0 /* PassViewerNaviController.m */ = {isa = PBXFileReference; fileEncoding = 4; lastKnownFileType = sourcecode.c.objc; path = PassViewerNaviController.m; sourceTree = "<group>"; };
		0DD986E11BE35410002C09B0 /* PasswordTableViewController.h */ = {isa = PBXFileReference; fileEncoding = 4; lastKnownFileType = sourcecode.c.h; path = PasswordTableViewController.h; sourceTree = "<group>"; };
		0DD986E21BE35410002C09B0 /* PasswordTableViewController.m */ = {isa = PBXFileReference; fileEncoding = 4; lastKnownFileType = sourcecode.c.objc; path = PasswordTableViewController.m; sourceTree = "<group>"; };
		0DD986E41BE35424002C09B0 /* PasswordTableViewCell.h */ = {isa = PBXFileReference; fileEncoding = 4; lastKnownFileType = sourcecode.c.h; path = PasswordTableViewCell.h; sourceTree = "<group>"; };
		0DD986E51BE35424002C09B0 /* PasswordTableViewCell.m */ = {isa = PBXFileReference; fileEncoding = 4; lastKnownFileType = sourcecode.c.objc; path = PasswordTableViewCell.m; sourceTree = "<group>"; };
		0DD986E61BE35424002C09B0 /* PasswordTableViewCell.xib */ = {isa = PBXFileReference; fileEncoding = 4; lastKnownFileType = file.xib; path = PasswordTableViewCell.xib; sourceTree = "<group>"; };
		0DD986E91BE362A0002C09B0 /* AddSessionViewController.h */ = {isa = PBXFileReference; fileEncoding = 4; lastKnownFileType = sourcecode.c.h; path = AddSessionViewController.h; sourceTree = "<group>"; };
		0DD986EA1BE362A0002C09B0 /* AddSessionViewController.m */ = {isa = PBXFileReference; fileEncoding = 4; lastKnownFileType = sourcecode.c.objc; path = AddSessionViewController.m; sourceTree = "<group>"; };
		0DD986EB1BE362A0002C09B0 /* AddSessionViewController.xib */ = {isa = PBXFileReference; fileEncoding = 4; lastKnownFileType = file.xib; path = AddSessionViewController.xib; sourceTree = "<group>"; };
		0DF3647C1BE2581700E35F4A /* Passbuster.app */ = {isa = PBXFileReference; explicitFileType = wrapper.application; includeInIndex = 0; path = Passbuster.app; sourceTree = BUILT_PRODUCTS_DIR; };
		0DF364801BE2581700E35F4A /* main.m */ = {isa = PBXFileReference; lastKnownFileType = sourcecode.c.objc; path = main.m; sourceTree = "<group>"; };
		0DF364821BE2581700E35F4A /* AppDelegate.h */ = {isa = PBXFileReference; lastKnownFileType = sourcecode.c.h; path = AppDelegate.h; sourceTree = "<group>"; };
		0DF364831BE2581700E35F4A /* AppDelegate.m */ = {isa = PBXFileReference; lastKnownFileType = sourcecode.c.objc; path = AppDelegate.m; sourceTree = "<group>"; };
		0DF3648C1BE2581700E35F4A /* Base */ = {isa = PBXFileReference; lastKnownFileType = file.storyboard; name = Base; path = Base.lproj/Main.storyboard; sourceTree = "<group>"; };
		0DF3648E1BE2581700E35F4A /* Assets.xcassets */ = {isa = PBXFileReference; lastKnownFileType = folder.assetcatalog; path = Assets.xcassets; sourceTree = "<group>"; };
		0DF364911BE2581700E35F4A /* Base */ = {isa = PBXFileReference; lastKnownFileType = file.storyboard; name = Base; path = Base.lproj/LaunchScreen.storyboard; sourceTree = "<group>"; };
		0DF364931BE2581800E35F4A /* Info.plist */ = {isa = PBXFileReference; lastKnownFileType = text.plist.xml; path = Info.plist; sourceTree = "<group>"; };
		0DF364981BE2581800E35F4A /* PassbusterTests.xctest */ = {isa = PBXFileReference; explicitFileType = wrapper.cfbundle; includeInIndex = 0; path = PassbusterTests.xctest; sourceTree = BUILT_PRODUCTS_DIR; };
		0DF3649C1BE2581800E35F4A /* PassbusterTests.m */ = {isa = PBXFileReference; lastKnownFileType = sourcecode.c.objc; path = PassbusterTests.m; sourceTree = "<group>"; };
		0DF3649E1BE2581800E35F4A /* Info.plist */ = {isa = PBXFileReference; lastKnownFileType = text.plist.xml; path = Info.plist; sourceTree = "<group>"; };
		0DF364A31BE2581800E35F4A /* PassbusterUITests.xctest */ = {isa = PBXFileReference; explicitFileType = wrapper.cfbundle; includeInIndex = 0; path = PassbusterUITests.xctest; sourceTree = BUILT_PRODUCTS_DIR; };
		0DF364A71BE2581800E35F4A /* PassbusterUITests.m */ = {isa = PBXFileReference; lastKnownFileType = sourcecode.c.objc; path = PassbusterUITests.m; sourceTree = "<group>"; };
		0DF364A91BE2581800E35F4A /* Info.plist */ = {isa = PBXFileReference; lastKnownFileType = text.plist.xml; path = Info.plist; sourceTree = "<group>"; };
		0DF364B51BE25DCC00E35F4A /* FMDBAPI.h */ = {isa = PBXFileReference; fileEncoding = 4; lastKnownFileType = sourcecode.c.h; path = FMDBAPI.h; sourceTree = "<group>"; };
		0DF364B61BE25DCC00E35F4A /* FMDBAPI.m */ = {isa = PBXFileReference; fileEncoding = 4; lastKnownFileType = sourcecode.c.objc; path = FMDBAPI.m; sourceTree = "<group>"; };
		0DF364B81BE3063800E35F4A /* IntroAnimator.h */ = {isa = PBXFileReference; fileEncoding = 4; lastKnownFileType = sourcecode.c.h; path = IntroAnimator.h; sourceTree = "<group>"; };
		0DF364B91BE3063800E35F4A /* IntroAnimator.m */ = {isa = PBXFileReference; fileEncoding = 4; lastKnownFileType = sourcecode.c.objc; path = IntroAnimator.m; sourceTree = "<group>"; };
		0DF364BE1BE3119600E35F4A /* Tabbar.h */ = {isa = PBXFileReference; fileEncoding = 4; lastKnownFileType = sourcecode.c.h; path = Tabbar.h; sourceTree = "<group>"; };
		0DF364BF1BE3119600E35F4A /* Tabbar.m */ = {isa = PBXFileReference; fileEncoding = 4; lastKnownFileType = sourcecode.c.objc; path = Tabbar.m; sourceTree = "<group>"; };
		2F9712C12908814D25AE0A46 /* Pods-Passbuster.release.xcconfig */ = {isa = PBXFileReference; includeInIndex = 1; lastKnownFileType = text.xcconfig; name = "Pods-Passbuster.release.xcconfig"; path = "Pods/Target Support Files/Pods-Passbuster/Pods-Passbuster.release.xcconfig"; sourceTree = "<group>"; };
		33C806E05636B4FD87242F5C /* libPods-Passbuster.a */ = {isa = PBXFileReference; explicitFileType = archive.ar; includeInIndex = 0; path = "libPods-Passbuster.a"; sourceTree = BUILT_PRODUCTS_DIR; };
		AB7C6222FCEAC47A9B9FD729 /* Pods-Passbuster.debug.xcconfig */ = {isa = PBXFileReference; includeInIndex = 1; lastKnownFileType = text.xcconfig; name = "Pods-Passbuster.debug.xcconfig"; path = "Pods/Target Support Files/Pods-Passbuster/Pods-Passbuster.debug.xcconfig"; sourceTree = "<group>"; };
/* End PBXFileReference section */

/* Begin PBXFrameworksBuildPhase section */
		0DF364791BE2581700E35F4A /* Frameworks */ = {
			isa = PBXFrameworksBuildPhase;
			buildActionMask = 2147483647;
			files = (
				ABB6D367510C0DBCE480CC3D /* libPods-Passbuster.a in Frameworks */,
			);
			runOnlyForDeploymentPostprocessing = 0;
		};
		0DF364951BE2581800E35F4A /* Frameworks */ = {
			isa = PBXFrameworksBuildPhase;
			buildActionMask = 2147483647;
			files = (
			);
			runOnlyForDeploymentPostprocessing = 0;
		};
		0DF364A01BE2581800E35F4A /* Frameworks */ = {
			isa = PBXFrameworksBuildPhase;
			buildActionMask = 2147483647;
			files = (
			);
			runOnlyForDeploymentPostprocessing = 0;
		};
/* End PBXFrameworksBuildPhase section */

/* Begin PBXGroup section */
		0DF364731BE2581700E35F4A = {
			isa = PBXGroup;
			children = (
				0DF3647E1BE2581700E35F4A /* Passbuster */,
				0DF3649B1BE2581800E35F4A /* PassbusterTests */,
				0DF364A61BE2581800E35F4A /* PassbusterUITests */,
				0DF3647D1BE2581700E35F4A /* Products */,
				8DF634F820CEF7EEE27C974A /* Pods */,
				D9A6CFDEC47C51FB546D7AEA /* Frameworks */,
			);
			sourceTree = "<group>";
		};
		0DF3647D1BE2581700E35F4A /* Products */ = {
			isa = PBXGroup;
			children = (
				0DF3647C1BE2581700E35F4A /* Passbuster.app */,
				0DF364981BE2581800E35F4A /* PassbusterTests.xctest */,
				0DF364A31BE2581800E35F4A /* PassbusterUITests.xctest */,
			);
			name = Products;
			sourceTree = "<group>";
		};
		0DF3647E1BE2581700E35F4A /* Passbuster */ = {
			isa = PBXGroup;
			children = (
				0DF364821BE2581700E35F4A /* AppDelegate.h */,
				0DF364831BE2581700E35F4A /* AppDelegate.m */,
				0DF364BE1BE3119600E35F4A /* Tabbar.h */,
				0DF364BF1BE3119600E35F4A /* Tabbar.m */,
				0DF364B51BE25DCC00E35F4A /* FMDBAPI.h */,
				0DF364B61BE25DCC00E35F4A /* FMDBAPI.m */,
				0DF364B81BE3063800E35F4A /* IntroAnimator.h */,
				0DF364B91BE3063800E35F4A /* IntroAnimator.m */,
				0DD986DE1BE34DC0002C09B0 /* PassViewerNaviController.h */,
				0DD986DF1BE34DC0002C09B0 /* PassViewerNaviController.m */,
				0DD986E11BE35410002C09B0 /* PasswordTableViewController.h */,
				0DD986E21BE35410002C09B0 /* PasswordTableViewController.m */,
				0DD986E91BE362A0002C09B0 /* AddSessionViewController.h */,
				0DD986EA1BE362A0002C09B0 /* AddSessionViewController.m */,
				0DD986EB1BE362A0002C09B0 /* AddSessionViewController.xib */,
				0DD986E41BE35424002C09B0 /* PasswordTableViewCell.h */,
				0DD986E51BE35424002C09B0 /* PasswordTableViewCell.m */,
				0DD986E61BE35424002C09B0 /* PasswordTableViewCell.xib */,
				0DF3648B1BE2581700E35F4A /* Main.storyboard */,
				0DF3648E1BE2581700E35F4A /* Assets.xcassets */,
				0DF364901BE2581700E35F4A /* LaunchScreen.storyboard */,
				0DF364931BE2581800E35F4A /* Info.plist */,
				0DF3647F1BE2581700E35F4A /* Supporting Files */,
			);
			path = Passbuster;
			sourceTree = "<group>";
		};
		0DF3647F1BE2581700E35F4A /* Supporting Files */ = {
			isa = PBXGroup;
			children = (
				0DF364801BE2581700E35F4A /* main.m */,
			);
			name = "Supporting Files";
			sourceTree = "<group>";
		};
		0DF3649B1BE2581800E35F4A /* PassbusterTests */ = {
			isa = PBXGroup;
			children = (
				0DF3649C1BE2581800E35F4A /* PassbusterTests.m */,
				0DF3649E1BE2581800E35F4A /* Info.plist */,
			);
			path = PassbusterTests;
			sourceTree = "<group>";
		};
		0DF364A61BE2581800E35F4A /* PassbusterUITests */ = {
			isa = PBXGroup;
			children = (
				0DF364A71BE2581800E35F4A /* PassbusterUITests.m */,
				0DF364A91BE2581800E35F4A /* Info.plist */,
			);
			path = PassbusterUITests;
			sourceTree = "<group>";
		};
		8DF634F820CEF7EEE27C974A /* Pods */ = {
			isa = PBXGroup;
			children = (
				AB7C6222FCEAC47A9B9FD729 /* Pods-Passbuster.debug.xcconfig */,
				2F9712C12908814D25AE0A46 /* Pods-Passbuster.release.xcconfig */,
			);
			name = Pods;
			sourceTree = "<group>";
		};
		D9A6CFDEC47C51FB546D7AEA /* Frameworks */ = {
			isa = PBXGroup;
			children = (
				33C806E05636B4FD87242F5C /* libPods-Passbuster.a */,
			);
			name = Frameworks;
			sourceTree = "<group>";
		};
/* End PBXGroup section */

/* Begin PBXNativeTarget section */
		0DF3647B1BE2581700E35F4A /* Passbuster */ = {
			isa = PBXNativeTarget;
			buildConfigurationList = 0DF364AC1BE2581800E35F4A /* Build configuration list for PBXNativeTarget "Passbuster" */;
			buildPhases = (
				FD435F9B1E6E49F79481C14D /* Check Pods Manifest.lock */,
				0DF364781BE2581700E35F4A /* Sources */,
				0DF364791BE2581700E35F4A /* Frameworks */,
				0DF3647A1BE2581700E35F4A /* Resources */,
				AA22A94682FB349943B06269 /* Embed Pods Frameworks */,
				039C6640EAE7B12876F46C8E /* Copy Pods Resources */,
			);
			buildRules = (
			);
			dependencies = (
			);
			name = Passbuster;
			productName = Passbuster;
			productReference = 0DF3647C1BE2581700E35F4A /* Passbuster.app */;
			productType = "com.apple.product-type.application";
		};
		0DF364971BE2581800E35F4A /* PassbusterTests */ = {
			isa = PBXNativeTarget;
			buildConfigurationList = 0DF364AF1BE2581800E35F4A /* Build configuration list for PBXNativeTarget "PassbusterTests" */;
			buildPhases = (
				0DF364941BE2581800E35F4A /* Sources */,
				0DF364951BE2581800E35F4A /* Frameworks */,
				0DF364961BE2581800E35F4A /* Resources */,
			);
			buildRules = (
			);
			dependencies = (
				0DF3649A1BE2581800E35F4A /* PBXTargetDependency */,
			);
			name = PassbusterTests;
			productName = PassbusterTests;
			productReference = 0DF364981BE2581800E35F4A /* PassbusterTests.xctest */;
			productType = "com.apple.product-type.bundle.unit-test";
		};
		0DF364A21BE2581800E35F4A /* PassbusterUITests */ = {
			isa = PBXNativeTarget;
			buildConfigurationList = 0DF364B21BE2581800E35F4A /* Build configuration list for PBXNativeTarget "PassbusterUITests" */;
			buildPhases = (
				0DF3649F1BE2581800E35F4A /* Sources */,
				0DF364A01BE2581800E35F4A /* Frameworks */,
				0DF364A11BE2581800E35F4A /* Resources */,
			);
			buildRules = (
			);
			dependencies = (
				0DF364A51BE2581800E35F4A /* PBXTargetDependency */,
			);
			name = PassbusterUITests;
			productName = PassbusterUITests;
			productReference = 0DF364A31BE2581800E35F4A /* PassbusterUITests.xctest */;
			productType = "com.apple.product-type.bundle.ui-testing";
		};
/* End PBXNativeTarget section */

/* Begin PBXProject section */
		0DF364741BE2581700E35F4A /* Project object */ = {
			isa = PBXProject;
			attributes = {
				LastUpgradeCheck = 0710;
				ORGANIZATIONNAME = "Fincher Justin";
				TargetAttributes = {
					0DF3647B1BE2581700E35F4A = {
						CreatedOnToolsVersion = 7.1;
					};
					0DF364971BE2581800E35F4A = {
						CreatedOnToolsVersion = 7.1;
						TestTargetID = 0DF3647B1BE2581700E35F4A;
					};
					0DF364A21BE2581800E35F4A = {
						CreatedOnToolsVersion = 7.1;
						TestTargetID = 0DF3647B1BE2581700E35F4A;
					};
				};
			};
			buildConfigurationList = 0DF364771BE2581700E35F4A /* Build configuration list for PBXProject "Passbuster" */;
			compatibilityVersion = "Xcode 3.2";
			developmentRegion = English;
			hasScannedForEncodings = 0;
			knownRegions = (
				en,
				Base,
			);
			mainGroup = 0DF364731BE2581700E35F4A;
			productRefGroup = 0DF3647D1BE2581700E35F4A /* Products */;
			projectDirPath = "";
			projectRoot = "";
			targets = (
				0DF3647B1BE2581700E35F4A /* Passbuster */,
				0DF364971BE2581800E35F4A /* PassbusterTests */,
				0DF364A21BE2581800E35F4A /* PassbusterUITests */,
			);
		};
/* End PBXProject section */

/* Begin PBXResourcesBuildPhase section */
		0DF3647A1BE2581700E35F4A /* Resources */ = {
			isa = PBXResourcesBuildPhase;
			buildActionMask = 2147483647;
			files = (
				0DD986E81BE35424002C09B0 /* PasswordTableViewCell.xib in Resources */,
				0DD986ED1BE362A0002C09B0 /* AddSessionViewController.xib in Resources */,
				0DF364921BE2581700E35F4A /* LaunchScreen.storyboard in Resources */,
				0DF3648F1BE2581700E35F4A /* Assets.xcassets in Resources */,
				0DF3648D1BE2581700E35F4A /* Main.storyboard in Resources */,
			);
			runOnlyForDeploymentPostprocessing = 0;
		};
		0DF364961BE2581800E35F4A /* Resources */ = {
			isa = PBXResourcesBuildPhase;
			buildActionMask = 2147483647;
			files = (
			);
			runOnlyForDeploymentPostprocessing = 0;
		};
		0DF364A11BE2581800E35F4A /* Resources */ = {
			isa = PBXResourcesBuildPhase;
			buildActionMask = 2147483647;
			files = (
			);
			runOnlyForDeploymentPostprocessing = 0;
		};
/* End PBXResourcesBuildPhase section */

/* Begin PBXShellScriptBuildPhase section */
		039C6640EAE7B12876F46C8E /* Copy Pods Resources */ = {
			isa = PBXShellScriptBuildPhase;
			buildActionMask = 2147483647;
			files = (
			);
			inputPaths = (
			);
			name = "Copy Pods Resources";
			outputPaths = (
			);
			runOnlyForDeploymentPostprocessing = 0;
			shellPath = /bin/sh;
			shellScript = "\"${SRCROOT}/Pods/Target Support Files/Pods-Passbuster/Pods-Passbuster-resources.sh\"\n";
			showEnvVarsInLog = 0;
		};
		AA22A94682FB349943B06269 /* Embed Pods Frameworks */ = {
			isa = PBXShellScriptBuildPhase;
			buildActionMask = 2147483647;
			files = (
			);
			inputPaths = (
			);
			name = "Embed Pods Frameworks";
			outputPaths = (
			);
			runOnlyForDeploymentPostprocessing = 0;
			shellPath = /bin/sh;
			shellScript = "\"${SRCROOT}/Pods/Target Support Files/Pods-Passbuster/Pods-Passbuster-frameworks.sh\"\n";
			showEnvVarsInLog = 0;
		};
		FD435F9B1E6E49F79481C14D /* Check Pods Manifest.lock */ = {
			isa = PBXShellScriptBuildPhase;
			buildActionMask = 2147483647;
			files = (
			);
			inputPaths = (
			);
			name = "Check Pods Manifest.lock";
			outputPaths = (
			);
			runOnlyForDeploymentPostprocessing = 0;
			shellPath = /bin/sh;
			shellScript = "diff \"${PODS_ROOT}/../Podfile.lock\" \"${PODS_ROOT}/Manifest.lock\" > /dev/null\nif [[ $? != 0 ]] ; then\n    cat << EOM\nerror: The sandbox is not in sync with the Podfile.lock. Run 'pod install' or update your CocoaPods installation.\nEOM\n    exit 1\nfi\n";
			showEnvVarsInLog = 0;
		};
/* End PBXShellScriptBuildPhase section */

/* Begin PBXSourcesBuildPhase section */
		0DF364781BE2581700E35F4A /* Sources */ = {
			isa = PBXSourcesBuildPhase;
			buildActionMask = 2147483647;
			files = (
				0DD986E71BE35424002C09B0 /* PasswordTableViewCell.m in Sources */,
				0DD986E01BE34DC0002C09B0 /* PassViewerNaviController.m in Sources */,
				0DF364B71BE25DCC00E35F4A /* FMDBAPI.m in Sources */,
				0DF364841BE2581700E35F4A /* AppDelegate.m in Sources */,
				0DF364BA1BE3063800E35F4A /* IntroAnimator.m in Sources */,
				0DD986EC1BE362A0002C09B0 /* AddSessionViewController.m in Sources */,
				0DF364811BE2581700E35F4A /* main.m in Sources */,
				0DF364C01BE3119600E35F4A /* Tabbar.m in Sources */,
				0DD986E31BE35410002C09B0 /* PasswordTableViewController.m in Sources */,
			);
			runOnlyForDeploymentPostprocessing = 0;
		};
		0DF364941BE2581800E35F4A /* Sources */ = {
			isa = PBXSourcesBuildPhase;
			buildActionMask = 2147483647;
			files = (
				0DF3649D1BE2581800E35F4A /* PassbusterTests.m in Sources */,
			);
			runOnlyForDeploymentPostprocessing = 0;
		};
		0DF3649F1BE2581800E35F4A /* Sources */ = {
			isa = PBXSourcesBuildPhase;
			buildActionMask = 2147483647;
			files = (
				0DF364A81BE2581800E35F4A /* PassbusterUITests.m in Sources */,
			);
			runOnlyForDeploymentPostprocessing = 0;
		};
/* End PBXSourcesBuildPhase section */

/* Begin PBXTargetDependency section */
		0DF3649A1BE2581800E35F4A /* PBXTargetDependency */ = {
			isa = PBXTargetDependency;
			target = 0DF3647B1BE2581700E35F4A /* Passbuster */;
			targetProxy = 0DF364991BE2581800E35F4A /* PBXContainerItemProxy */;
		};
		0DF364A51BE2581800E35F4A /* PBXTargetDependency */ = {
			isa = PBXTargetDependency;
			target = 0DF3647B1BE2581700E35F4A /* Passbuster */;
			targetProxy = 0DF364A41BE2581800E35F4A /* PBXContainerItemProxy */;
		};
/* End PBXTargetDependency section */

/* Begin PBXVariantGroup section */
		0DF3648B1BE2581700E35F4A /* Main.storyboard */ = {
			isa = PBXVariantGroup;
			children = (
				0DF3648C1BE2581700E35F4A /* Base */,
			);
			name = Main.storyboard;
			sourceTree = "<group>";
		};
		0DF364901BE2581700E35F4A /* LaunchScreen.storyboard */ = {
			isa = PBXVariantGroup;
			children = (
				0DF364911BE2581700E35F4A /* Base */,
			);
			name = LaunchScreen.storyboard;
			sourceTree = "<group>";
		};
/* End PBXVariantGroup section */

/* Begin XCBuildConfiguration section */
		0DF364AA1BE2581800E35F4A /* Debug */ = {
			isa = XCBuildConfiguration;
			buildSettings = {
				ALWAYS_SEARCH_USER_PATHS = NO;
				CLANG_CXX_LANGUAGE_STANDARD = "gnu++0x";
				CLANG_CXX_LIBRARY = "libc++";
				CLANG_ENABLE_MODULES = YES;
				CLANG_ENABLE_OBJC_ARC = YES;
				CLANG_WARN_BOOL_CONVERSION = YES;
				CLANG_WARN_CONSTANT_CONVERSION = YES;
				CLANG_WARN_DIRECT_OBJC_ISA_USAGE = YES_ERROR;
				CLANG_WARN_EMPTY_BODY = YES;
				CLANG_WARN_ENUM_CONVERSION = YES;
				CLANG_WARN_INT_CONVERSION = YES;
				CLANG_WARN_OBJC_ROOT_CLASS = YES_ERROR;
				CLANG_WARN_UNREACHABLE_CODE = YES;
				CLANG_WARN__DUPLICATE_METHOD_MATCH = YES;
				"CODE_SIGN_IDENTITY[sdk=iphoneos*]" = "iPhone Developer";
				COPY_PHASE_STRIP = NO;
				DEBUG_INFORMATION_FORMAT = dwarf;
				ENABLE_STRICT_OBJC_MSGSEND = YES;
				ENABLE_TESTABILITY = YES;
				GCC_C_LANGUAGE_STANDARD = gnu99;
				GCC_DYNAMIC_NO_PIC = NO;
				GCC_NO_COMMON_BLOCKS = YES;
				GCC_OPTIMIZATION_LEVEL = 0;
				GCC_PREPROCESSOR_DEFINITIONS = (
					"DEBUG=1",
					"$(inherited)",
				);
				GCC_WARN_64_TO_32_BIT_CONVERSION = YES;
				GCC_WARN_ABOUT_RETURN_TYPE = YES_ERROR;
				GCC_WARN_UNDECLARED_SELECTOR = YES;
				GCC_WARN_UNINITIALIZED_AUTOS = YES_AGGRESSIVE;
				GCC_WARN_UNUSED_FUNCTION = YES;
				GCC_WARN_UNUSED_VARIABLE = YES;
				IPHONEOS_DEPLOYMENT_TARGET = 9.1;
				MTL_ENABLE_DEBUG_INFO = YES;
				ONLY_ACTIVE_ARCH = YES;
				SDKROOT = iphoneos;
				TARGETED_DEVICE_FAMILY = "1,2";
			};
			name = Debug;
		};
		0DF364AB1BE2581800E35F4A /* Release */ = {
			isa = XCBuildConfiguration;
			buildSettings = {
				ALWAYS_SEARCH_USER_PATHS = NO;
				CLANG_CXX_LANGUAGE_STANDARD = "gnu++0x";
				CLANG_CXX_LIBRARY = "libc++";
				CLANG_ENABLE_MODULES = YES;
				CLANG_ENABLE_OBJC_ARC = YES;
				CLANG_WARN_BOOL_CONVERSION = YES;
				CLANG_WARN_CONSTANT_CONVERSION = YES;
				CLANG_WARN_DIRECT_OBJC_ISA_USAGE = YES_ERROR;
				CLANG_WARN_EMPTY_BODY = YES;
				CLANG_WARN_ENUM_CONVERSION = YES;
				CLANG_WARN_INT_CONVERSION = YES;
				CLANG_WARN_OBJC_ROOT_CLASS = YES_ERROR;
				CLANG_WARN_UNREACHABLE_CODE = YES;
				CLANG_WARN__DUPLICATE_METHOD_MATCH = YES;
				"CODE_SIGN_IDENTITY[sdk=iphoneos*]" = "iPhone Developer";
				COPY_PHASE_STRIP = NO;
				DEBUG_INFORMATION_FORMAT = "dwarf-with-dsym";
				ENABLE_NS_ASSERTIONS = NO;
				ENABLE_STRICT_OBJC_MSGSEND = YES;
				GCC_C_LANGUAGE_STANDARD = gnu99;
				GCC_NO_COMMON_BLOCKS = YES;
				GCC_WARN_64_TO_32_BIT_CONVERSION = YES;
				GCC_WARN_ABOUT_RETURN_TYPE = YES_ERROR;
				GCC_WARN_UNDECLARED_SELECTOR = YES;
				GCC_WARN_UNINITIALIZED_AUTOS = YES_AGGRESSIVE;
				GCC_WARN_UNUSED_FUNCTION = YES;
				GCC_WARN_UNUSED_VARIABLE = YES;
				IPHONEOS_DEPLOYMENT_TARGET = 9.1;
				MTL_ENABLE_DEBUG_INFO = NO;
				SDKROOT = iphoneos;
				TARGETED_DEVICE_FAMILY = "1,2";
				VALIDATE_PRODUCT = YES;
			};
			name = Release;
		};
		0DF364AD1BE2581800E35F4A /* Debug */ = {
			isa = XCBuildConfiguration;
			baseConfigurationReference = AB7C6222FCEAC47A9B9FD729 /* Pods-Passbuster.debug.xcconfig */;
			buildSettings = {
				ASSETCATALOG_COMPILER_APPICON_NAME = AppIcon;
				INFOPLIST_FILE = Passbuster/Info.plist;
				LD_RUNPATH_SEARCH_PATHS = "$(inherited) @executable_path/Frameworks";
				PRODUCT_BUNDLE_IDENTIFIER = com.JustZht.Passbuster;
				PRODUCT_NAME = "$(TARGET_NAME)";
			};
			name = Debug;
		};
		0DF364AE1BE2581800E35F4A /* Release */ = {
			isa = XCBuildConfiguration;
			baseConfigurationReference = 2F9712C12908814D25AE0A46 /* Pods-Passbuster.release.xcconfig */;
			buildSettings = {
				ASSETCATALOG_COMPILER_APPICON_NAME = AppIcon;
				INFOPLIST_FILE = Passbuster/Info.plist;
				LD_RUNPATH_SEARCH_PATHS = "$(inherited) @executable_path/Frameworks";
				PRODUCT_BUNDLE_IDENTIFIER = com.JustZht.Passbuster;
				PRODUCT_NAME = "$(TARGET_NAME)";
			};
			name = Release;
		};
		0DF364B01BE2581800E35F4A /* Debug */ = {
			isa = XCBuildConfiguration;
			buildSettings = {
				BUNDLE_LOADER = "$(TEST_HOST)";
				INFOPLIST_FILE = PassbusterTests/Info.plist;
				LD_RUNPATH_SEARCH_PATHS = "$(inherited) @executable_path/Frameworks @loader_path/Frameworks";
				PRODUCT_BUNDLE_IDENTIFIER = com.JustZht.PassbusterTests;
				PRODUCT_NAME = "$(TARGET_NAME)";
				TEST_HOST = "$(BUILT_PRODUCTS_DIR)/Passbuster.app/Passbuster";
			};
			name = Debug;
		};
		0DF364B11BE2581800E35F4A /* Release */ = {
			isa = XCBuildConfiguration;
			buildSettings = {
				BUNDLE_LOADER = "$(TEST_HOST)";
				INFOPLIST_FILE = PassbusterTests/Info.plist;
				LD_RUNPATH_SEARCH_PATHS = "$(inherited) @executable_path/Frameworks @loader_path/Frameworks";
				PRODUCT_BUNDLE_IDENTIFIER = com.JustZht.PassbusterTests;
				PRODUCT_NAME = "$(TARGET_NAME)";
				TEST_HOST = "$(BUILT_PRODUCTS_DIR)/Passbuster.app/Passbuster";
			};
			name = Release;
		};
		0DF364B31BE2581800E35F4A /* Debug */ = {
			isa = XCBuildConfiguration;
			buildSettings = {
				INFOPLIST_FILE = PassbusterUITests/Info.plist;
				LD_RUNPATH_SEARCH_PATHS = "$(inherited) @executable_path/Frameworks @loader_path/Frameworks";
				PRODUCT_BUNDLE_IDENTIFIER = com.JustZht.PassbusterUITests;
				PRODUCT_NAME = "$(TARGET_NAME)";
				TEST_TARGET_NAME = Passbuster;
				USES_XCTRUNNER = YES;
			};
			name = Debug;
		};
		0DF364B41BE2581800E35F4A /* Release */ = {
			isa = XCBuildConfiguration;
			buildSettings = {
				INFOPLIST_FILE = PassbusterUITests/Info.plist;
				LD_RUNPATH_SEARCH_PATHS = "$(inherited) @executable_path/Frameworks @loader_path/Frameworks";
				PRODUCT_BUNDLE_IDENTIFIER = com.JustZht.PassbusterUITests;
				PRODUCT_NAME = "$(TARGET_NAME)";
				TEST_TARGET_NAME = Passbuster;
				USES_XCTRUNNER = YES;
			};
			name = Release;
		};
/* End XCBuildConfiguration section */

/* Begin XCConfigurationList section */
		0DF364771BE2581700E35F4A /* Build configuration list for PBXProject "Passbuster" */ = {
			isa = XCConfigurationList;
			buildConfigurations = (
				0DF364AA1BE2581800E35F4A /* Debug */,
				0DF364AB1BE2581800E35F4A /* Release */,
			);
			defaultConfigurationIsVisible = 0;
			defaultConfigurationName = Release;
		};
		0DF364AC1BE2581800E35F4A /* Build configuration list for PBXNativeTarget "Passbuster" */ = {
			isa = XCConfigurationList;
			buildConfigurations = (
				0DF364AD1BE2581800E35F4A /* Debug */,
				0DF364AE1BE2581800E35F4A /* Release */,
			);
			defaultConfigurationIsVisible = 0;
			defaultConfigurationName = Release;
		};
		0DF364AF1BE2581800E35F4A /* Build configuration list for PBXNativeTarget "PassbusterTests" */ = {
			isa = XCConfigurationList;
			buildConfigurations = (
				0DF364B01BE2581800E35F4A /* Debug */,
				0DF364B11BE2581800E35F4A /* Release */,
			);
			defaultConfigurationIsVisible = 0;
			defaultConfigurationName = Release;
		};
		0DF364B21BE2581800E35F4A /* Build configuration list for PBXNativeTarget "PassbusterUITests" */ = {
			isa = XCConfigurationList;
			buildConfigurations = (
				0DF364B31BE2581800E35F4A /* Debug */,
				0DF364B41BE2581800E35F4A /* Release */,
			);
			defaultConfigurationIsVisible = 0;
			defaultConfigurationName = Release;
		};
/* End XCConfigurationList section */
	};
	rootObject = 0DF364741BE2581700E35F4A /* Project object */;
}
